PODS:
  - boost (1.76.0)
  - CocoaAsyncSocket (7.6.5)
  - DoubleConversion (1.1.6)
  - EXApplication (4.1.0):
    - ExpoModulesCore
  - EXConstants (13.1.1):
    - ExpoModulesCore
  - EXErrorRecovery (3.1.0):
    - ExpoModulesCore
  - EXFileSystem (14.0.0):
    - ExpoModulesCore
  - EXFont (10.1.0):
    - ExpoModulesCore
  - Expo (45.0.8):
    - ExpoModulesCore
  - ExpoKeepAwake (10.1.1):
    - ExpoModulesCore
  - ExpoLocalization (13.1.0):
    - ExpoModulesCore
  - ExpoModulesCore (0.9.2):
    - React-Core
    - ReactCommon/turbomodule/core
  - FBLazyVector (0.69.5)
  - FBReactNativeSpec (0.69.5):
    - RCT-Folly (= 2021.06.28.00-v2)
    - RCTRequired (= 0.69.5)
    - RCTTypeSafety (= 0.69.5)
    - React-Core (= 0.69.5)
    - React-jsi (= 0.69.5)
    - ReactCommon/turbomodule/core (= 0.69.5)
  - Flipper (0.125.0):
    - Flipper-Folly (~> 2.6)
    - Flipper-RSocket (~> 1.4)
  - Flipper-Boost-iOSX (1.76.0.1.11)
  - Flipper-DoubleConversion (3.2.0.1)
  - Flipper-Fmt (7.1.7)
  - Flipper-Folly (2.6.10):
    - Flipper-Boost-iOSX
    - Flipper-DoubleConversion
    - Flipper-Fmt (= 7.1.7)
    - Flipper-Glog
    - libevent (~> 2.1.12)
    - OpenSSL-Universal (= 1.1.1100)
  - Flipper-Glog (0.5.0.5)
  - Flipper-PeerTalk (0.0.4)
  - Flipper-RSocket (1.4.3):
    - Flipper-Folly (~> 2.6)
  - FlipperKit (0.125.0):
    - FlipperKit/Core (= 0.125.0)
  - FlipperKit/Core (0.125.0):
    - Flipper (~> 0.125.0)
    - FlipperKit/CppBridge
    - FlipperKit/FBCxxFollyDynamicConvert
    - FlipperKit/FBDefines
    - FlipperKit/FKPortForwarding
    - SocketRocket (~> 0.6.0)
  - FlipperKit/CppBridge (0.125.0):
    - Flipper (~> 0.125.0)
  - FlipperKit/FBCxxFollyDynamicConvert (0.125.0):
    - Flipper-Folly (~> 2.6)
  - FlipperKit/FBDefines (0.125.0)
  - FlipperKit/FKPortForwarding (0.125.0):
    - CocoaAsyncSocket (~> 7.6)
    - Flipper-PeerTalk (~> 0.0.4)
  - FlipperKit/FlipperKitHighlightOverlay (0.125.0)
  - FlipperKit/FlipperKitLayoutHelpers (0.125.0):
    - FlipperKit/Core
    - FlipperKit/FlipperKitHighlightOverlay
    - FlipperKit/FlipperKitLayoutTextSearchable
  - FlipperKit/FlipperKitLayoutIOSDescriptors (0.125.0):
    - FlipperKit/Core
    - FlipperKit/FlipperKitHighlightOverlay
    - FlipperKit/FlipperKitLayoutHelpers
    - YogaKit (~> 1.18)
  - FlipperKit/FlipperKitLayoutPlugin (0.125.0):
    - FlipperKit/Core
    - FlipperKit/FlipperKitHighlightOverlay
    - FlipperKit/FlipperKitLayoutHelpers
    - FlipperKit/FlipperKitLayoutIOSDescriptors
    - FlipperKit/FlipperKitLayoutTextSearchable
    - YogaKit (~> 1.18)
  - FlipperKit/FlipperKitLayoutTextSearchable (0.125.0)
  - FlipperKit/FlipperKitNetworkPlugin (0.125.0):
    - FlipperKit/Core
  - FlipperKit/FlipperKitReactPlugin (0.125.0):
    - FlipperKit/Core
  - FlipperKit/FlipperKitUserDefaultsPlugin (0.125.0):
    - FlipperKit/Core
  - FlipperKit/SKIOSNetworkPlugin (0.125.0):
    - FlipperKit/Core
    - FlipperKit/FlipperKitNetworkPlugin
  - fmt (6.2.1)
  - glog (0.3.5)
  - GoogleDataTransport (9.2.0):
    - GoogleUtilities/Environment (~> 7.7)
    - nanopb (< 2.30910.0, >= 2.30908.0)
    - PromisesObjC (< 3.0, >= 1.2)
  - GoogleMLKit/BarcodeScanning (3.2.0):
    - GoogleMLKit/MLKitCore
    - MLKitBarcodeScanning (~> 2.2.0)
  - GoogleMLKit/MLKitCore (3.2.0):
    - MLKitCommon (~> 8.0.0)
  - GoogleToolboxForMac/DebugUtils (2.3.2):
    - GoogleToolboxForMac/Defines (= 2.3.2)
  - GoogleToolboxForMac/Defines (2.3.2)
  - GoogleToolboxForMac/Logger (2.3.2):
    - GoogleToolboxForMac/Defines (= 2.3.2)
  - "GoogleToolboxForMac/NSData+zlib (2.3.2)":
    - GoogleToolboxForMac/Defines (= 2.3.2)
  - "GoogleToolboxForMac/NSDictionary+URLArguments (2.3.2)":
    - GoogleToolboxForMac/DebugUtils (= 2.3.2)
    - GoogleToolboxForMac/Defines (= 2.3.2)
    - "GoogleToolboxForMac/NSString+URLArguments (= 2.3.2)"
  - "GoogleToolboxForMac/NSString+URLArguments (2.3.2)"
  - GoogleUtilities/Environment (7.7.0):
    - PromisesObjC (< 3.0, >= 1.2)
  - GoogleUtilities/Logger (7.7.0):
    - GoogleUtilities/Environment
  - GoogleUtilities/UserDefaults (7.7.0):
    - GoogleUtilities/Logger
  - GoogleUtilitiesComponents (1.1.0):
    - GoogleUtilities/Logger
  - GTMSessionFetcher/Core (1.7.2)
  - hermes-engine (0.69.5)
  - libevent (2.1.12)
  - libwebp (1.2.3):
    - libwebp/demux (= 1.2.3)
    - libwebp/mux (= 1.2.3)
    - libwebp/webp (= 1.2.3)
  - libwebp/demux (1.2.3):
    - libwebp/webp
  - libwebp/mux (1.2.3):
    - libwebp/demux
  - libwebp/webp (1.2.3)
  - MLImage (1.0.0-beta3)
  - MLKitBarcodeScanning (2.2.0):
    - MLKitCommon (~> 8.0)
    - MLKitVision (~> 4.2)
  - MLKitCommon (8.0.0):
    - GoogleDataTransport (~> 9.0)
    - GoogleToolboxForMac/Logger (~> 2.1)
    - "GoogleToolboxForMac/NSData+zlib (~> 2.1)"
    - "GoogleToolboxForMac/NSDictionary+URLArguments (~> 2.1)"
    - GoogleUtilities/UserDefaults (~> 7.0)
    - GoogleUtilitiesComponents (~> 1.0)
    - GTMSessionFetcher/Core (~> 1.1)
    - Protobuf (~> 3.12)
  - MLKitVision (4.2.0):
    - GoogleToolboxForMac/Logger (~> 2.1)
    - "GoogleToolboxForMac/NSData+zlib (~> 2.1)"
    - GTMSessionFetcher/Core (~> 1.1)
    - MLImage (= 1.0.0-beta3)
    - MLKitCommon (~> 8.0)
    - Protobuf (~> 3.12)
  - MMKV (1.2.14):
    - MMKVCore (~> 1.2.14)
  - MMKVCore (1.2.14)
  - nanopb (2.30909.0):
    - nanopb/decode (= 2.30909.0)
    - nanopb/encode (= 2.30909.0)
  - nanopb/decode (2.30909.0)
  - nanopb/encode (2.30909.0)
  - OpenSSL-Universal (1.1.1100)
  - PromisesObjC (2.1.1)
  - Protobuf (3.21.5)
  - RCT-Folly (2021.06.28.00-v2):
    - boost
    - DoubleConversion
    - fmt (~> 6.2.1)
    - glog
    - RCT-Folly/Default (= 2021.06.28.00-v2)
  - RCT-Folly/Default (2021.06.28.00-v2):
    - boost
    - DoubleConversion
    - fmt (~> 6.2.1)
    - glog
  - RCT-Folly/Fabric (2021.06.28.00-v2):
    - boost
    - DoubleConversion
    - fmt (~> 6.2.1)
    - glog
  - RCT-Folly/Futures (2021.06.28.00-v2):
    - boost
    - DoubleConversion
    - fmt (~> 6.2.1)
    - glog
    - libevent
  - RCTRequired (0.69.5)
  - RCTTypeSafety (0.69.5):
    - FBLazyVector (= 0.69.5)
    - RCTRequired (= 0.69.5)
    - React-Core (= 0.69.5)
  - React (0.69.5):
    - React-Core (= 0.69.5)
    - React-Core/DevSupport (= 0.69.5)
    - React-Core/RCTWebSocket (= 0.69.5)
    - React-RCTActionSheet (= 0.69.5)
    - React-RCTAnimation (= 0.69.5)
    - React-RCTBlob (= 0.69.5)
    - React-RCTImage (= 0.69.5)
    - React-RCTLinking (= 0.69.5)
    - React-RCTNetwork (= 0.69.5)
    - React-RCTSettings (= 0.69.5)
    - React-RCTText (= 0.69.5)
    - React-RCTVibration (= 0.69.5)
  - React-bridging (0.69.5):
    - RCT-Folly (= 2021.06.28.00-v2)
    - React-jsi (= 0.69.5)
  - React-callinvoker (0.69.5)
  - React-Codegen (0.69.5):
    - FBReactNativeSpec (= 0.69.5)
    - RCT-Folly (= 2021.06.28.00-v2)
    - RCTRequired (= 0.69.5)
    - RCTTypeSafety (= 0.69.5)
    - React-Core (= 0.69.5)
    - React-graphics (= 0.69.5)
    - React-jsi (= 0.69.5)
    - React-jsiexecutor (= 0.69.5)
    - React-rncore (= 0.69.5)
    - ReactCommon/turbomodule/core (= 0.69.5)
  - React-Core (0.69.5):
    - glog
    - RCT-Folly (= 2021.06.28.00-v2)
    - React-Core/Default (= 0.69.5)
    - React-cxxreact (= 0.69.5)
    - React-jsi (= 0.69.5)
    - React-jsiexecutor (= 0.69.5)
    - React-perflogger (= 0.69.5)
    - Yoga
  - React-Core/CoreModulesHeaders (0.69.5):
    - glog
    - RCT-Folly (= 2021.06.28.00-v2)
    - React-Core/Default
    - React-cxxreact (= 0.69.5)
    - React-jsi (= 0.69.5)
    - React-jsiexecutor (= 0.69.5)
    - React-perflogger (= 0.69.5)
    - Yoga
  - React-Core/Default (0.69.5):
    - glog
    - RCT-Folly (= 2021.06.28.00-v2)
    - React-cxxreact (= 0.69.5)
    - React-jsi (= 0.69.5)
    - React-jsiexecutor (= 0.69.5)
    - React-perflogger (= 0.69.5)
    - Yoga
  - React-Core/DevSupport (0.69.5):
    - glog
    - RCT-Folly (= 2021.06.28.00-v2)
    - React-Core/Default (= 0.69.5)
    - React-Core/RCTWebSocket (= 0.69.5)
    - React-cxxreact (= 0.69.5)
    - React-jsi (= 0.69.5)
    - React-jsiexecutor (= 0.69.5)
    - React-jsinspector (= 0.69.5)
    - React-perflogger (= 0.69.5)
    - Yoga
  - React-Core/RCTActionSheetHeaders (0.69.5):
    - glog
    - RCT-Folly (= 2021.06.28.00-v2)
    - React-Core/Default
    - React-cxxreact (= 0.69.5)
    - React-jsi (= 0.69.5)
    - React-jsiexecutor (= 0.69.5)
    - React-perflogger (= 0.69.5)
    - Yoga
  - React-Core/RCTAnimationHeaders (0.69.5):
    - glog
    - RCT-Folly (= 2021.06.28.00-v2)
    - React-Core/Default
    - React-cxxreact (= 0.69.5)
    - React-jsi (= 0.69.5)
    - React-jsiexecutor (= 0.69.5)
    - React-perflogger (= 0.69.5)
    - Yoga
  - React-Core/RCTBlobHeaders (0.69.5):
    - glog
    - RCT-Folly (= 2021.06.28.00-v2)
    - React-Core/Default
    - React-cxxreact (= 0.69.5)
    - React-jsi (= 0.69.5)
    - React-jsiexecutor (= 0.69.5)
    - React-perflogger (= 0.69.5)
    - Yoga
  - React-Core/RCTImageHeaders (0.69.5):
    - glog
    - RCT-Folly (= 2021.06.28.00-v2)
    - React-Core/Default
    - React-cxxreact (= 0.69.5)
    - React-jsi (= 0.69.5)
    - React-jsiexecutor (= 0.69.5)
    - React-perflogger (= 0.69.5)
    - Yoga
  - React-Core/RCTLinkingHeaders (0.69.5):
    - glog
    - RCT-Folly (= 2021.06.28.00-v2)
    - React-Core/Default
    - React-cxxreact (= 0.69.5)
    - React-jsi (= 0.69.5)
    - React-jsiexecutor (= 0.69.5)
    - React-perflogger (= 0.69.5)
    - Yoga
  - React-Core/RCTNetworkHeaders (0.69.5):
    - glog
    - RCT-Folly (= 2021.06.28.00-v2)
    - React-Core/Default
    - React-cxxreact (= 0.69.5)
    - React-jsi (= 0.69.5)
    - React-jsiexecutor (= 0.69.5)
    - React-perflogger (= 0.69.5)
    - Yoga
  - React-Core/RCTSettingsHeaders (0.69.5):
    - glog
    - RCT-Folly (= 2021.06.28.00-v2)
    - React-Core/Default
    - React-cxxreact (= 0.69.5)
    - React-jsi (= 0.69.5)
    - React-jsiexecutor (= 0.69.5)
    - React-perflogger (= 0.69.5)
    - Yoga
  - React-Core/RCTTextHeaders (0.69.5):
    - glog
    - RCT-Folly (= 2021.06.28.00-v2)
    - React-Core/Default
    - React-cxxreact (= 0.69.5)
    - React-jsi (= 0.69.5)
    - React-jsiexecutor (= 0.69.5)
    - React-perflogger (= 0.69.5)
    - Yoga
  - React-Core/RCTVibrationHeaders (0.69.5):
    - glog
    - RCT-Folly (= 2021.06.28.00-v2)
    - React-Core/Default
    - React-cxxreact (= 0.69.5)
    - React-jsi (= 0.69.5)
    - React-jsiexecutor (= 0.69.5)
    - React-perflogger (= 0.69.5)
    - Yoga
  - React-Core/RCTWebSocket (0.69.5):
    - glog
    - RCT-Folly (= 2021.06.28.00-v2)
    - React-Core/Default (= 0.69.5)
    - React-cxxreact (= 0.69.5)
    - React-jsi (= 0.69.5)
    - React-jsiexecutor (= 0.69.5)
    - React-perflogger (= 0.69.5)
    - Yoga
  - React-CoreModules (0.69.5):
    - RCT-Folly (= 2021.06.28.00-v2)
    - RCTTypeSafety (= 0.69.5)
    - React-Codegen (= 0.69.5)
    - React-Core/CoreModulesHeaders (= 0.69.5)
    - React-jsi (= 0.69.5)
    - React-RCTImage (= 0.69.5)
    - ReactCommon/turbomodule/core (= 0.69.5)
  - React-cxxreact (0.69.5):
    - boost (= 1.76.0)
    - DoubleConversion
    - glog
    - RCT-Folly (= 2021.06.28.00-v2)
    - React-callinvoker (= 0.69.5)
    - React-jsi (= 0.69.5)
    - React-jsinspector (= 0.69.5)
    - React-logger (= 0.69.5)
    - React-perflogger (= 0.69.5)
    - React-runtimeexecutor (= 0.69.5)
  - React-Fabric (0.69.5):
    - RCT-Folly/Fabric (= 2021.06.28.00-v2)
    - RCTRequired (= 0.69.5)
    - RCTTypeSafety (= 0.69.5)
    - React-Fabric/animations (= 0.69.5)
    - React-Fabric/attributedstring (= 0.69.5)
    - React-Fabric/butter (= 0.69.5)
    - React-Fabric/componentregistry (= 0.69.5)
    - React-Fabric/componentregistrynative (= 0.69.5)
    - React-Fabric/components (= 0.69.5)
    - React-Fabric/config (= 0.69.5)
    - React-Fabric/core (= 0.69.5)
    - React-Fabric/debug_core (= 0.69.5)
    - React-Fabric/debug_renderer (= 0.69.5)
    - React-Fabric/imagemanager (= 0.69.5)
    - React-Fabric/leakchecker (= 0.69.5)
    - React-Fabric/mounting (= 0.69.5)
    - React-Fabric/runtimescheduler (= 0.69.5)
    - React-Fabric/scheduler (= 0.69.5)
    - React-Fabric/telemetry (= 0.69.5)
    - React-Fabric/templateprocessor (= 0.69.5)
    - React-Fabric/textlayoutmanager (= 0.69.5)
    - React-Fabric/uimanager (= 0.69.5)
    - React-Fabric/utils (= 0.69.5)
    - React-graphics (= 0.69.5)
    - React-jsi (= 0.69.5)
    - React-jsiexecutor (= 0.69.5)
    - ReactCommon/turbomodule/core (= 0.69.5)
  - React-Fabric/animations (0.69.5):
    - RCT-Folly/Fabric (= 2021.06.28.00-v2)
    - RCTRequired (= 0.69.5)
    - RCTTypeSafety (= 0.69.5)
    - React-graphics (= 0.69.5)
    - React-jsi (= 0.69.5)
    - React-jsiexecutor (= 0.69.5)
    - ReactCommon/turbomodule/core (= 0.69.5)
  - React-Fabric/attributedstring (0.69.5):
    - RCT-Folly/Fabric (= 2021.06.28.00-v2)
    - RCTRequired (= 0.69.5)
    - RCTTypeSafety (= 0.69.5)
    - React-graphics (= 0.69.5)
    - React-jsi (= 0.69.5)
    - React-jsiexecutor (= 0.69.5)
    - ReactCommon/turbomodule/core (= 0.69.5)
  - React-Fabric/butter (0.69.5):
    - RCT-Folly/Fabric (= 2021.06.28.00-v2)
    - RCTRequired (= 0.69.5)
    - RCTTypeSafety (= 0.69.5)
    - React-graphics (= 0.69.5)
    - React-jsi (= 0.69.5)
    - React-jsiexecutor (= 0.69.5)
    - ReactCommon/turbomodule/core (= 0.69.5)
  - React-Fabric/componentregistry (0.69.5):
    - RCT-Folly/Fabric (= 2021.06.28.00-v2)
    - RCTRequired (= 0.69.5)
    - RCTTypeSafety (= 0.69.5)
    - React-graphics (= 0.69.5)
    - React-jsi (= 0.69.5)
    - React-jsiexecutor (= 0.69.5)
    - ReactCommon/turbomodule/core (= 0.69.5)
  - React-Fabric/componentregistrynative (0.69.5):
    - RCT-Folly/Fabric (= 2021.06.28.00-v2)
    - RCTRequired (= 0.69.5)
    - RCTTypeSafety (= 0.69.5)
    - React-graphics (= 0.69.5)
    - React-jsi (= 0.69.5)
    - React-jsiexecutor (= 0.69.5)
    - ReactCommon/turbomodule/core (= 0.69.5)
  - React-Fabric/components (0.69.5):
    - RCT-Folly/Fabric (= 2021.06.28.00-v2)
    - RCTRequired (= 0.69.5)
    - RCTTypeSafety (= 0.69.5)
    - React-Fabric/components/activityindicator (= 0.69.5)
    - React-Fabric/components/image (= 0.69.5)
    - React-Fabric/components/inputaccessory (= 0.69.5)
    - React-Fabric/components/legacyviewmanagerinterop (= 0.69.5)
    - React-Fabric/components/modal (= 0.69.5)
    - React-Fabric/components/root (= 0.69.5)
    - React-Fabric/components/safeareaview (= 0.69.5)
    - React-Fabric/components/scrollview (= 0.69.5)
    - React-Fabric/components/slider (= 0.69.5)
    - React-Fabric/components/text (= 0.69.5)
    - React-Fabric/components/textinput (= 0.69.5)
    - React-Fabric/components/unimplementedview (= 0.69.5)
    - React-Fabric/components/view (= 0.69.5)
    - React-graphics (= 0.69.5)
    - React-jsi (= 0.69.5)
    - React-jsiexecutor (= 0.69.5)
    - ReactCommon/turbomodule/core (= 0.69.5)
  - React-Fabric/components/activityindicator (0.69.5):
    - RCT-Folly/Fabric (= 2021.06.28.00-v2)
    - RCTRequired (= 0.69.5)
    - RCTTypeSafety (= 0.69.5)
    - React-graphics (= 0.69.5)
    - React-jsi (= 0.69.5)
    - React-jsiexecutor (= 0.69.5)
    - ReactCommon/turbomodule/core (= 0.69.5)
  - React-Fabric/components/image (0.69.5):
    - RCT-Folly/Fabric (= 2021.06.28.00-v2)
    - RCTRequired (= 0.69.5)
    - RCTTypeSafety (= 0.69.5)
    - React-graphics (= 0.69.5)
    - React-jsi (= 0.69.5)
    - React-jsiexecutor (= 0.69.5)
    - ReactCommon/turbomodule/core (= 0.69.5)
  - React-Fabric/components/inputaccessory (0.69.5):
    - RCT-Folly/Fabric (= 2021.06.28.00-v2)
    - RCTRequired (= 0.69.5)
    - RCTTypeSafety (= 0.69.5)
    - React-graphics (= 0.69.5)
    - React-jsi (= 0.69.5)
    - React-jsiexecutor (= 0.69.5)
    - ReactCommon/turbomodule/core (= 0.69.5)
  - React-Fabric/components/legacyviewmanagerinterop (0.69.5):
    - RCT-Folly/Fabric (= 2021.06.28.00-v2)
    - RCTRequired (= 0.69.5)
    - RCTTypeSafety (= 0.69.5)
    - React-graphics (= 0.69.5)
    - React-jsi (= 0.69.5)
    - React-jsiexecutor (= 0.69.5)
    - ReactCommon/turbomodule/core (= 0.69.5)
  - React-Fabric/components/modal (0.69.5):
    - RCT-Folly/Fabric (= 2021.06.28.00-v2)
    - RCTRequired (= 0.69.5)
    - RCTTypeSafety (= 0.69.5)
    - React-graphics (= 0.69.5)
    - React-jsi (= 0.69.5)
    - React-jsiexecutor (= 0.69.5)
    - ReactCommon/turbomodule/core (= 0.69.5)
  - React-Fabric/components/root (0.69.5):
    - RCT-Folly/Fabric (= 2021.06.28.00-v2)
    - RCTRequired (= 0.69.5)
    - RCTTypeSafety (= 0.69.5)
    - React-graphics (= 0.69.5)
    - React-jsi (= 0.69.5)
    - React-jsiexecutor (= 0.69.5)
    - ReactCommon/turbomodule/core (= 0.69.5)
  - React-Fabric/components/safeareaview (0.69.5):
    - RCT-Folly/Fabric (= 2021.06.28.00-v2)
    - RCTRequired (= 0.69.5)
    - RCTTypeSafety (= 0.69.5)
    - React-graphics (= 0.69.5)
    - React-jsi (= 0.69.5)
    - React-jsiexecutor (= 0.69.5)
    - ReactCommon/turbomodule/core (= 0.69.5)
  - React-Fabric/components/scrollview (0.69.5):
    - RCT-Folly/Fabric (= 2021.06.28.00-v2)
    - RCTRequired (= 0.69.5)
    - RCTTypeSafety (= 0.69.5)
    - React-graphics (= 0.69.5)
    - React-jsi (= 0.69.5)
    - React-jsiexecutor (= 0.69.5)
    - ReactCommon/turbomodule/core (= 0.69.5)
  - React-Fabric/components/slider (0.69.5):
    - RCT-Folly/Fabric (= 2021.06.28.00-v2)
    - RCTRequired (= 0.69.5)
    - RCTTypeSafety (= 0.69.5)
    - React-graphics (= 0.69.5)
    - React-jsi (= 0.69.5)
    - React-jsiexecutor (= 0.69.5)
    - ReactCommon/turbomodule/core (= 0.69.5)
  - React-Fabric/components/text (0.69.5):
    - RCT-Folly/Fabric (= 2021.06.28.00-v2)
    - RCTRequired (= 0.69.5)
    - RCTTypeSafety (= 0.69.5)
    - React-graphics (= 0.69.5)
    - React-jsi (= 0.69.5)
    - React-jsiexecutor (= 0.69.5)
    - ReactCommon/turbomodule/core (= 0.69.5)
  - React-Fabric/components/textinput (0.69.5):
    - RCT-Folly/Fabric (= 2021.06.28.00-v2)
    - RCTRequired (= 0.69.5)
    - RCTTypeSafety (= 0.69.5)
    - React-graphics (= 0.69.5)
    - React-jsi (= 0.69.5)
    - React-jsiexecutor (= 0.69.5)
    - ReactCommon/turbomodule/core (= 0.69.5)
  - React-Fabric/components/unimplementedview (0.69.5):
    - RCT-Folly/Fabric (= 2021.06.28.00-v2)
    - RCTRequired (= 0.69.5)
    - RCTTypeSafety (= 0.69.5)
    - React-graphics (= 0.69.5)
    - React-jsi (= 0.69.5)
    - React-jsiexecutor (= 0.69.5)
    - ReactCommon/turbomodule/core (= 0.69.5)
  - React-Fabric/components/view (0.69.5):
    - RCT-Folly/Fabric (= 2021.06.28.00-v2)
    - RCTRequired (= 0.69.5)
    - RCTTypeSafety (= 0.69.5)
    - React-graphics (= 0.69.5)
    - React-jsi (= 0.69.5)
    - React-jsiexecutor (= 0.69.5)
    - ReactCommon/turbomodule/core (= 0.69.5)
    - Yoga
  - React-Fabric/config (0.69.5):
    - RCT-Folly/Fabric (= 2021.06.28.00-v2)
    - RCTRequired (= 0.69.5)
    - RCTTypeSafety (= 0.69.5)
    - React-graphics (= 0.69.5)
    - React-jsi (= 0.69.5)
    - React-jsiexecutor (= 0.69.5)
    - ReactCommon/turbomodule/core (= 0.69.5)
  - React-Fabric/core (0.69.5):
    - RCT-Folly/Fabric (= 2021.06.28.00-v2)
    - RCTRequired (= 0.69.5)
    - RCTTypeSafety (= 0.69.5)
    - React-graphics (= 0.69.5)
    - React-jsi (= 0.69.5)
    - React-jsiexecutor (= 0.69.5)
    - ReactCommon/turbomodule/core (= 0.69.5)
  - React-Fabric/debug_core (0.69.5):
    - RCT-Folly/Fabric (= 2021.06.28.00-v2)
    - RCTRequired (= 0.69.5)
    - RCTTypeSafety (= 0.69.5)
    - React-graphics (= 0.69.5)
    - React-jsi (= 0.69.5)
    - React-jsiexecutor (= 0.69.5)
    - ReactCommon/turbomodule/core (= 0.69.5)
  - React-Fabric/debug_renderer (0.69.5):
    - RCT-Folly/Fabric (= 2021.06.28.00-v2)
    - RCTRequired (= 0.69.5)
    - RCTTypeSafety (= 0.69.5)
    - React-graphics (= 0.69.5)
    - React-jsi (= 0.69.5)
    - React-jsiexecutor (= 0.69.5)
    - ReactCommon/turbomodule/core (= 0.69.5)
  - React-Fabric/imagemanager (0.69.5):
    - RCT-Folly/Fabric (= 2021.06.28.00-v2)
    - RCTRequired (= 0.69.5)
    - RCTTypeSafety (= 0.69.5)
    - React-graphics (= 0.69.5)
    - React-jsi (= 0.69.5)
    - React-jsiexecutor (= 0.69.5)
    - React-RCTImage (= 0.69.5)
    - ReactCommon/turbomodule/core (= 0.69.5)
  - React-Fabric/leakchecker (0.69.5):
    - RCT-Folly/Fabric (= 2021.06.28.00-v2)
    - RCTRequired (= 0.69.5)
    - RCTTypeSafety (= 0.69.5)
    - React-graphics (= 0.69.5)
    - React-jsi (= 0.69.5)
    - React-jsiexecutor (= 0.69.5)
    - ReactCommon/turbomodule/core (= 0.69.5)
  - React-Fabric/mounting (0.69.5):
    - RCT-Folly/Fabric (= 2021.06.28.00-v2)
    - RCTRequired (= 0.69.5)
    - RCTTypeSafety (= 0.69.5)
    - React-graphics (= 0.69.5)
    - React-jsi (= 0.69.5)
    - React-jsiexecutor (= 0.69.5)
    - ReactCommon/turbomodule/core (= 0.69.5)
  - React-Fabric/runtimescheduler (0.69.5):
    - RCT-Folly/Fabric (= 2021.06.28.00-v2)
    - RCTRequired (= 0.69.5)
    - RCTTypeSafety (= 0.69.5)
    - React-graphics (= 0.69.5)
    - React-jsi (= 0.69.5)
    - React-jsiexecutor (= 0.69.5)
    - ReactCommon/turbomodule/core (= 0.69.5)
  - React-Fabric/scheduler (0.69.5):
    - RCT-Folly/Fabric (= 2021.06.28.00-v2)
    - RCTRequired (= 0.69.5)
    - RCTTypeSafety (= 0.69.5)
    - React-graphics (= 0.69.5)
    - React-jsi (= 0.69.5)
    - React-jsiexecutor (= 0.69.5)
    - ReactCommon/turbomodule/core (= 0.69.5)
  - React-Fabric/telemetry (0.69.5):
    - RCT-Folly/Fabric (= 2021.06.28.00-v2)
    - RCTRequired (= 0.69.5)
    - RCTTypeSafety (= 0.69.5)
    - React-graphics (= 0.69.5)
    - React-jsi (= 0.69.5)
    - React-jsiexecutor (= 0.69.5)
    - ReactCommon/turbomodule/core (= 0.69.5)
  - React-Fabric/templateprocessor (0.69.5):
    - RCT-Folly/Fabric (= 2021.06.28.00-v2)
    - RCTRequired (= 0.69.5)
    - RCTTypeSafety (= 0.69.5)
    - React-graphics (= 0.69.5)
    - React-jsi (= 0.69.5)
    - React-jsiexecutor (= 0.69.5)
    - ReactCommon/turbomodule/core (= 0.69.5)
  - React-Fabric/textlayoutmanager (0.69.5):
    - RCT-Folly/Fabric (= 2021.06.28.00-v2)
    - RCTRequired (= 0.69.5)
    - RCTTypeSafety (= 0.69.5)
    - React-Fabric/uimanager
    - React-graphics (= 0.69.5)
    - React-jsi (= 0.69.5)
    - React-jsiexecutor (= 0.69.5)
    - ReactCommon/turbomodule/core (= 0.69.5)
  - React-Fabric/uimanager (0.69.5):
    - RCT-Folly/Fabric (= 2021.06.28.00-v2)
    - RCTRequired (= 0.69.5)
    - RCTTypeSafety (= 0.69.5)
    - React-graphics (= 0.69.5)
    - React-jsi (= 0.69.5)
    - React-jsiexecutor (= 0.69.5)
    - ReactCommon/turbomodule/core (= 0.69.5)
  - React-Fabric/utils (0.69.5):
    - RCT-Folly/Fabric (= 2021.06.28.00-v2)
    - RCTRequired (= 0.69.5)
    - RCTTypeSafety (= 0.69.5)
    - React-graphics (= 0.69.5)
    - React-jsi (= 0.69.5)
    - React-jsiexecutor (= 0.69.5)
    - ReactCommon/turbomodule/core (= 0.69.5)
  - React-graphics (0.69.5):
    - RCT-Folly/Fabric (= 2021.06.28.00-v2)
    - React-Core/Default (= 0.69.5)
  - React-hermes (0.69.5):
    - DoubleConversion
    - glog
    - hermes-engine
    - RCT-Folly (= 2021.06.28.00-v2)
    - RCT-Folly/Futures (= 2021.06.28.00-v2)
    - React-cxxreact (= 0.69.5)
    - React-jsi (= 0.69.5)
    - React-jsiexecutor (= 0.69.5)
    - React-jsinspector (= 0.69.5)
    - React-perflogger (= 0.69.5)
  - React-jsi (0.69.5):
    - boost (= 1.76.0)
    - DoubleConversion
    - glog
    - RCT-Folly (= 2021.06.28.00-v2)
    - React-jsi/Default (= 0.69.5)
  - React-jsi/Default (0.69.5):
    - boost (= 1.76.0)
    - DoubleConversion
    - glog
    - RCT-Folly (= 2021.06.28.00-v2)
  - React-jsi/Fabric (0.69.5):
    - boost (= 1.76.0)
    - DoubleConversion
    - glog
    - RCT-Folly (= 2021.06.28.00-v2)
  - React-jsiexecutor (0.69.5):
    - DoubleConversion
    - glog
    - RCT-Folly (= 2021.06.28.00-v2)
    - React-cxxreact (= 0.69.5)
    - React-jsi (= 0.69.5)
    - React-perflogger (= 0.69.5)
  - React-jsinspector (0.69.5)
  - React-logger (0.69.5):
    - glog
  - react-native-aes-cipher (1.0.9):
    - React
  - react-native-background-actions (2.6.7):
    - React-Core
  - react-native-flipper (0.162.0):
    - React-Core
  - react-native-mmkv (2.4.3):
    - MMKV (>= 1.2.13)
    - React-Core
  - react-native-pager-view (5.4.25):
    - React-Core
  - react-native-quick-crypto (0.4.6):
    - OpenSSL-Universal
    - React
    - React-callinvoker
    - React-Core
  - react-native-randombytes (3.6.1):
    - React-Core
  - react-native-safe-area-context (3.4.1):
    - React-Core
  - react-native-splash-screen (3.3.0):
    - React-Core
  - React-perflogger (0.69.5)
  - React-RCTActionSheet (0.69.5):
    - React-Core/RCTActionSheetHeaders (= 0.69.5)
  - React-RCTAnimation (0.69.5):
    - RCT-Folly (= 2021.06.28.00-v2)
    - RCTTypeSafety (= 0.69.5)
    - React-Codegen (= 0.69.5)
    - React-Core/RCTAnimationHeaders (= 0.69.5)
    - React-jsi (= 0.69.5)
    - ReactCommon/turbomodule/core (= 0.69.5)
  - React-RCTBlob (0.69.5):
    - RCT-Folly (= 2021.06.28.00-v2)
    - React-Codegen (= 0.69.5)
    - React-Core/RCTBlobHeaders (= 0.69.5)
    - React-Core/RCTWebSocket (= 0.69.5)
    - React-jsi (= 0.69.5)
    - React-RCTNetwork (= 0.69.5)
    - ReactCommon/turbomodule/core (= 0.69.5)
  - React-RCTFabric (0.69.5):
    - RCT-Folly/Fabric (= 2021.06.28.00-v2)
    - React-Core (= 0.69.5)
    - React-Fabric (= 0.69.5)
    - React-RCTImage (= 0.69.5)
  - React-RCTImage (0.69.5):
    - RCT-Folly (= 2021.06.28.00-v2)
    - RCTTypeSafety (= 0.69.5)
    - React-Codegen (= 0.69.5)
    - React-Core/RCTImageHeaders (= 0.69.5)
    - React-jsi (= 0.69.5)
    - React-RCTNetwork (= 0.69.5)
    - ReactCommon/turbomodule/core (= 0.69.5)
  - React-RCTLinking (0.69.5):
    - React-Codegen (= 0.69.5)
    - React-Core/RCTLinkingHeaders (= 0.69.5)
    - React-jsi (= 0.69.5)
    - ReactCommon/turbomodule/core (= 0.69.5)
  - React-RCTNetwork (0.69.5):
    - RCT-Folly (= 2021.06.28.00-v2)
    - RCTTypeSafety (= 0.69.5)
    - React-Codegen (= 0.69.5)
    - React-Core/RCTNetworkHeaders (= 0.69.5)
    - React-jsi (= 0.69.5)
    - ReactCommon/turbomodule/core (= 0.69.5)
  - React-RCTSettings (0.69.5):
    - RCT-Folly (= 2021.06.28.00-v2)
    - RCTTypeSafety (= 0.69.5)
    - React-Codegen (= 0.69.5)
    - React-Core/RCTSettingsHeaders (= 0.69.5)
    - React-jsi (= 0.69.5)
    - ReactCommon/turbomodule/core (= 0.69.5)
  - React-RCTText (0.69.5):
    - React-Core/RCTTextHeaders (= 0.69.5)
  - React-RCTVibration (0.69.5):
    - RCT-Folly (= 2021.06.28.00-v2)
    - React-Codegen (= 0.69.5)
    - React-Core/RCTVibrationHeaders (= 0.69.5)
    - React-jsi (= 0.69.5)
    - ReactCommon/turbomodule/core (= 0.69.5)
  - React-rncore (0.69.5)
  - React-runtimeexecutor (0.69.5):
    - React-jsi (= 0.69.5)
  - ReactCommon/turbomodule/core (0.69.5):
    - DoubleConversion
    - glog
    - RCT-Folly (= 2021.06.28.00-v2)
    - React-bridging (= 0.69.5)
    - React-callinvoker (= 0.69.5)
    - React-Core (= 0.69.5)
    - React-cxxreact (= 0.69.5)
    - React-jsi (= 0.69.5)
    - React-logger (= 0.69.5)
    - React-perflogger (= 0.69.5)
  - RNCClipboard (1.11.1):
    - React-Core
  - RNCPushNotificationIOS (1.10.1):
    - React-Core
  - RNDeviceInfo (8.7.1):
    - React-Core
  - RNFastImage (8.6.1):
    - React-Core
    - SDWebImage (~> 5.11.1)
    - SDWebImageWebPCoder (~> 0.8.4)
  - RNFS (2.20.0):
    - React-Core
  - RNGestureHandler (2.6.1):
    - RCT-Folly
    - RCTRequired
    - RCTTypeSafety
    - React
    - React-Codegen
    - React-RCTFabric
    - ReactCommon/turbomodule/core
  - RNOS (1.2.6):
    - React
  - RNReanimated (2.10.0):
    - DoubleConversion
    - FBLazyVector
    - FBReactNativeSpec
    - glog
    - RCT-Folly
    - RCTRequired
    - RCTTypeSafety
    - React-callinvoker
    - React-Core
    - React-Core/DevSupport
    - React-Core/RCTWebSocket
    - React-CoreModules
    - React-cxxreact
    - React-jsi
    - React-jsiexecutor
    - React-jsinspector
    - React-RCTActionSheet
    - React-RCTAnimation
    - React-RCTBlob
    - React-RCTImage
    - React-RCTLinking
    - React-RCTNetwork
    - React-RCTSettings
    - React-RCTText
    - ReactCommon/turbomodule/core
    - Yoga
  - RNScreens (3.17.0):
    - RCT-Folly
    - RCTRequired
    - RCTTypeSafety
    - React
    - React-Codegen
    - React-RCTFabric
    - ReactCommon/turbomodule/core
    - RNScreens/common (= 3.17.0)
  - RNScreens/common (3.17.0):
    - RCT-Folly
    - RCTRequired
    - RCTTypeSafety
    - React
    - React-Codegen
    - React-RCTFabric
    - ReactCommon/turbomodule/core
  - RNShare (7.9.0):
    - React-Core
  - RNSVG (12.4.4):
    - React-Core
  - SDWebImage (5.11.1):
    - SDWebImage/Core (= 5.11.1)
  - SDWebImage/Core (5.11.1)
  - SDWebImageWebPCoder (0.8.5):
    - libwebp (~> 1.0)
    - SDWebImage/Core (~> 5.10)
  - SocketRocket (0.6.0)
  - vision-camera-code-scanner (0.2.0):
    - GoogleMLKit/BarcodeScanning
    - React-Core
  - VisionCamera (2.14.1):
    - React
    - React-callinvoker
    - React-Core
  - Yoga (1.14.0)
  - YogaKit (1.18.1):
    - Yoga (~> 1.14)

DEPENDENCIES:
  - boost (from `../node_modules/react-native/third-party-podspecs/boost.podspec`)
  - DoubleConversion (from `../node_modules/react-native/third-party-podspecs/DoubleConversion.podspec`)
  - EXApplication (from `../node_modules/expo-application/ios`)
  - EXConstants (from `../node_modules/expo-constants/ios`)
  - EXErrorRecovery (from `../node_modules/expo-error-recovery/ios`)
  - EXFileSystem (from `../node_modules/expo-file-system/ios`)
  - EXFont (from `../node_modules/expo-font/ios`)
  - Expo (from `../node_modules/expo/ios`)
  - ExpoKeepAwake (from `../node_modules/expo-keep-awake/ios`)
  - ExpoLocalization (from `../node_modules/expo-localization/ios`)
  - ExpoModulesCore (from `../node_modules/expo-modules-core/ios`)
  - FBLazyVector (from `../node_modules/react-native/Libraries/FBLazyVector`)
  - FBReactNativeSpec (from `../node_modules/react-native/React/FBReactNativeSpec`)
  - Flipper (= 0.125.0)
  - Flipper-Boost-iOSX (= 1.76.0.1.11)
  - Flipper-DoubleConversion (= 3.2.0.1)
  - Flipper-Fmt (= 7.1.7)
  - Flipper-Folly (= 2.6.10)
  - Flipper-Glog (= 0.5.0.5)
  - Flipper-PeerTalk (= 0.0.4)
  - Flipper-RSocket (= 1.4.3)
  - FlipperKit (= 0.125.0)
  - FlipperKit/Core (= 0.125.0)
  - FlipperKit/CppBridge (= 0.125.0)
  - FlipperKit/FBCxxFollyDynamicConvert (= 0.125.0)
  - FlipperKit/FBDefines (= 0.125.0)
  - FlipperKit/FKPortForwarding (= 0.125.0)
  - FlipperKit/FlipperKitHighlightOverlay (= 0.125.0)
  - FlipperKit/FlipperKitLayoutPlugin (= 0.125.0)
  - FlipperKit/FlipperKitLayoutTextSearchable (= 0.125.0)
  - FlipperKit/FlipperKitNetworkPlugin (= 0.125.0)
  - FlipperKit/FlipperKitReactPlugin (= 0.125.0)
  - FlipperKit/FlipperKitUserDefaultsPlugin (= 0.125.0)
  - FlipperKit/SKIOSNetworkPlugin (= 0.125.0)
  - glog (from `../node_modules/react-native/third-party-podspecs/glog.podspec`)
  - hermes-engine (from `../node_modules/react-native/sdks/hermes/hermes-engine.podspec`)
  - libevent (~> 2.1.12)
  - OpenSSL-Universal (= 1.1.1100)
  - RCT-Folly (from `../node_modules/react-native/third-party-podspecs/RCT-Folly.podspec`)
  - RCT-Folly/Fabric (from `../node_modules/react-native/third-party-podspecs/RCT-Folly.podspec`)
  - RCTRequired (from `../node_modules/react-native/Libraries/RCTRequired`)
  - RCTTypeSafety (from `../node_modules/react-native/Libraries/TypeSafety`)
  - React (from `../node_modules/react-native/`)
  - React-bridging (from `../node_modules/react-native/ReactCommon`)
  - React-callinvoker (from `../node_modules/react-native/ReactCommon/callinvoker`)
  - React-Codegen (from `build/generated/ios`)
  - React-Core (from `../node_modules/react-native/`)
  - React-Core/DevSupport (from `../node_modules/react-native/`)
  - React-Core/RCTWebSocket (from `../node_modules/react-native/`)
  - React-CoreModules (from `../node_modules/react-native/React/CoreModules`)
  - React-cxxreact (from `../node_modules/react-native/ReactCommon/cxxreact`)
  - React-Fabric (from `../node_modules/react-native/ReactCommon`)
  - React-graphics (from `../node_modules/react-native/ReactCommon/react/renderer/graphics`)
  - React-hermes (from `../node_modules/react-native/ReactCommon/hermes`)
  - React-jsi (from `../node_modules/react-native/ReactCommon/jsi`)
  - React-jsi/Fabric (from `../node_modules/react-native/ReactCommon/jsi`)
  - React-jsiexecutor (from `../node_modules/react-native/ReactCommon/jsiexecutor`)
  - React-jsinspector (from `../node_modules/react-native/ReactCommon/jsinspector`)
  - React-logger (from `../node_modules/react-native/ReactCommon/logger`)
  - react-native-aes-cipher (from `../node_modules/react-native-aes-cipher`)
  - react-native-background-actions (from `../node_modules/react-native-background-actions`)
  - react-native-flipper (from `../node_modules/react-native-flipper`)
  - react-native-mmkv (from `../node_modules/react-native-mmkv`)
  - react-native-pager-view (from `../node_modules/react-native-pager-view`)
  - react-native-quick-crypto (from `../node_modules/react-native-quick-crypto`)
  - react-native-randombytes (from `../node_modules/react-native-randombytes`)
  - react-native-safe-area-context (from `../node_modules/react-native-safe-area-context`)
  - react-native-splash-screen (from `../node_modules/react-native-splash-screen`)
  - React-perflogger (from `../node_modules/react-native/ReactCommon/reactperflogger`)
  - React-RCTActionSheet (from `../node_modules/react-native/Libraries/ActionSheetIOS`)
  - React-RCTAnimation (from `../node_modules/react-native/Libraries/NativeAnimation`)
  - React-RCTBlob (from `../node_modules/react-native/Libraries/Blob`)
  - React-RCTFabric (from `../node_modules/react-native/React`)
  - React-RCTImage (from `../node_modules/react-native/Libraries/Image`)
  - React-RCTLinking (from `../node_modules/react-native/Libraries/LinkingIOS`)
  - React-RCTNetwork (from `../node_modules/react-native/Libraries/Network`)
  - React-RCTSettings (from `../node_modules/react-native/Libraries/Settings`)
  - React-RCTText (from `../node_modules/react-native/Libraries/Text`)
  - React-RCTVibration (from `../node_modules/react-native/Libraries/Vibration`)
  - React-rncore (from `../node_modules/react-native/ReactCommon`)
  - React-runtimeexecutor (from `../node_modules/react-native/ReactCommon/runtimeexecutor`)
  - ReactCommon/turbomodule/core (from `../node_modules/react-native/ReactCommon`)
  - "RNCClipboard (from `../node_modules/@react-native-clipboard/clipboard`)"
  - "RNCPushNotificationIOS (from `../node_modules/@react-native-community/push-notification-ios`)"
  - RNDeviceInfo (from `../node_modules/react-native-device-info`)
  - RNFastImage (from `../node_modules/react-native-fast-image`)
  - RNFS (from `../node_modules/react-native-fs`)
  - RNGestureHandler (from `../node_modules/react-native-gesture-handler`)
  - RNOS (from `../node_modules/react-native-os`)
  - RNReanimated (from `../node_modules/react-native-reanimated`)
  - RNScreens (from `../node_modules/react-native-screens`)
  - RNShare (from `../node_modules/react-native-share`)
  - RNSVG (from `../node_modules/react-native-svg`)
  - vision-camera-code-scanner (from `../node_modules/vision-camera-code-scanner`)
  - VisionCamera (from `../node_modules/react-native-vision-camera`)
  - Yoga (from `../node_modules/react-native/ReactCommon/yoga`)

SPEC REPOS:
  trunk:
    - CocoaAsyncSocket
    - Flipper
    - Flipper-Boost-iOSX
    - Flipper-DoubleConversion
    - Flipper-Fmt
    - Flipper-Folly
    - Flipper-Glog
    - Flipper-PeerTalk
    - Flipper-RSocket
    - FlipperKit
    - fmt
    - GoogleDataTransport
    - GoogleMLKit
    - GoogleToolboxForMac
    - GoogleUtilities
    - GoogleUtilitiesComponents
    - GTMSessionFetcher
    - libevent
    - libwebp
    - MLImage
    - MLKitBarcodeScanning
    - MLKitCommon
    - MLKitVision
    - MMKV
    - MMKVCore
    - nanopb
    - OpenSSL-Universal
    - PromisesObjC
    - Protobuf
    - SDWebImage
    - SDWebImageWebPCoder
    - SocketRocket
    - YogaKit

EXTERNAL SOURCES:
  boost:
    :podspec: "../node_modules/react-native/third-party-podspecs/boost.podspec"
  DoubleConversion:
    :podspec: "../node_modules/react-native/third-party-podspecs/DoubleConversion.podspec"
  EXApplication:
    :path: "../node_modules/expo-application/ios"
  EXConstants:
    :path: "../node_modules/expo-constants/ios"
  EXErrorRecovery:
    :path: "../node_modules/expo-error-recovery/ios"
  EXFileSystem:
    :path: "../node_modules/expo-file-system/ios"
  EXFont:
    :path: "../node_modules/expo-font/ios"
  Expo:
    :path: "../node_modules/expo/ios"
  ExpoKeepAwake:
    :path: "../node_modules/expo-keep-awake/ios"
  ExpoLocalization:
    :path: "../node_modules/expo-localization/ios"
  ExpoModulesCore:
    :path: "../node_modules/expo-modules-core/ios"
  FBLazyVector:
    :path: "../node_modules/react-native/Libraries/FBLazyVector"
  FBReactNativeSpec:
    :path: "../node_modules/react-native/React/FBReactNativeSpec"
  glog:
    :podspec: "../node_modules/react-native/third-party-podspecs/glog.podspec"
  hermes-engine:
    :podspec: "../node_modules/react-native/sdks/hermes/hermes-engine.podspec"
  RCT-Folly:
    :podspec: "../node_modules/react-native/third-party-podspecs/RCT-Folly.podspec"
  RCTRequired:
    :path: "../node_modules/react-native/Libraries/RCTRequired"
  RCTTypeSafety:
    :path: "../node_modules/react-native/Libraries/TypeSafety"
  React:
    :path: "../node_modules/react-native/"
  React-bridging:
    :path: "../node_modules/react-native/ReactCommon"
  React-callinvoker:
    :path: "../node_modules/react-native/ReactCommon/callinvoker"
  React-Codegen:
    :path: build/generated/ios
  React-Core:
    :path: "../node_modules/react-native/"
  React-CoreModules:
    :path: "../node_modules/react-native/React/CoreModules"
  React-cxxreact:
    :path: "../node_modules/react-native/ReactCommon/cxxreact"
  React-Fabric:
    :path: "../node_modules/react-native/ReactCommon"
  React-graphics:
    :path: "../node_modules/react-native/ReactCommon/react/renderer/graphics"
  React-hermes:
    :path: "../node_modules/react-native/ReactCommon/hermes"
  React-jsi:
    :path: "../node_modules/react-native/ReactCommon/jsi"
  React-jsiexecutor:
    :path: "../node_modules/react-native/ReactCommon/jsiexecutor"
  React-jsinspector:
    :path: "../node_modules/react-native/ReactCommon/jsinspector"
  React-logger:
    :path: "../node_modules/react-native/ReactCommon/logger"
  react-native-aes-cipher:
    :path: "../node_modules/react-native-aes-cipher"
  react-native-background-actions:
    :path: "../node_modules/react-native-background-actions"
  react-native-flipper:
    :path: "../node_modules/react-native-flipper"
  react-native-mmkv:
    :path: "../node_modules/react-native-mmkv"
  react-native-pager-view:
    :path: "../node_modules/react-native-pager-view"
  react-native-quick-crypto:
    :path: "../node_modules/react-native-quick-crypto"
  react-native-randombytes:
    :path: "../node_modules/react-native-randombytes"
  react-native-safe-area-context:
    :path: "../node_modules/react-native-safe-area-context"
  react-native-splash-screen:
    :path: "../node_modules/react-native-splash-screen"
  React-perflogger:
    :path: "../node_modules/react-native/ReactCommon/reactperflogger"
  React-RCTActionSheet:
    :path: "../node_modules/react-native/Libraries/ActionSheetIOS"
  React-RCTAnimation:
    :path: "../node_modules/react-native/Libraries/NativeAnimation"
  React-RCTBlob:
    :path: "../node_modules/react-native/Libraries/Blob"
  React-RCTFabric:
    :path: "../node_modules/react-native/React"
  React-RCTImage:
    :path: "../node_modules/react-native/Libraries/Image"
  React-RCTLinking:
    :path: "../node_modules/react-native/Libraries/LinkingIOS"
  React-RCTNetwork:
    :path: "../node_modules/react-native/Libraries/Network"
  React-RCTSettings:
    :path: "../node_modules/react-native/Libraries/Settings"
  React-RCTText:
    :path: "../node_modules/react-native/Libraries/Text"
  React-RCTVibration:
    :path: "../node_modules/react-native/Libraries/Vibration"
  React-rncore:
    :path: "../node_modules/react-native/ReactCommon"
  React-runtimeexecutor:
    :path: "../node_modules/react-native/ReactCommon/runtimeexecutor"
  ReactCommon:
    :path: "../node_modules/react-native/ReactCommon"
  RNCClipboard:
    :path: "../node_modules/@react-native-clipboard/clipboard"
  RNCPushNotificationIOS:
    :path: "../node_modules/@react-native-community/push-notification-ios"
  RNDeviceInfo:
    :path: "../node_modules/react-native-device-info"
  RNFastImage:
    :path: "../node_modules/react-native-fast-image"
  RNFS:
    :path: "../node_modules/react-native-fs"
  RNGestureHandler:
    :path: "../node_modules/react-native-gesture-handler"
  RNOS:
    :path: "../node_modules/react-native-os"
  RNReanimated:
    :path: "../node_modules/react-native-reanimated"
  RNScreens:
    :path: "../node_modules/react-native-screens"
  RNShare:
    :path: "../node_modules/react-native-share"
  RNSVG:
    :path: "../node_modules/react-native-svg"
  vision-camera-code-scanner:
    :path: "../node_modules/vision-camera-code-scanner"
  VisionCamera:
    :path: "../node_modules/react-native-vision-camera"
  Yoga:
    :path: "../node_modules/react-native/ReactCommon/yoga"

SPEC CHECKSUMS:
  boost: a7c83b31436843459a1961bfd74b96033dc77234
  CocoaAsyncSocket: 065fd1e645c7abab64f7a6a2007a48038fdc6a99
  DoubleConversion: 5189b271737e1565bdce30deb4a08d647e3f5f54
  EXApplication: d6562af1204162e0ac46d341a7d4e5dc720b33de
  EXConstants: fdbe52259365b6a6faaa5e99a3b82cfa6bc2eb61
  EXErrorRecovery: 3ce46e5d42e53c0371ff048a7f0cbc959968ef4a
  EXFileSystem: 2aa2d9289f84bca9532b9ccbd81504fa31eb1ded
  EXFont: 04235cc22e6fef86028feb67db452978dc6f240f
  Expo: 1133eaf0e12dc265ac82a256f3815401b7570f96
  ExpoKeepAwake: c0c494b442ecd8122974c13b93ccfb57bd408e88
  ExpoLocalization: 63204f4b9d4f653469d266332ceaa6c6ac8a305d
  ExpoModulesCore: e4278a668e8c13c0269ed8b8a4200989deea2973
  FBLazyVector: 0045cf98ca4a48af3bf7108d85b1c243740fa289
  FBReactNativeSpec: 0cb19e6ade516c810ab56074bcf573d7977315af
  Flipper: 26fc4b7382499f1281eb8cb921e5c3ad6de91fe0
  Flipper-Boost-iOSX: fd1e2b8cbef7e662a122412d7ac5f5bea715403c
  Flipper-DoubleConversion: 2dc99b02f658daf147069aad9dbd29d8feb06d30
  Flipper-Fmt: 60cbdd92fc254826e61d669a5d87ef7015396a9b
  Flipper-Folly: 584845625005ff068a6ebf41f857f468decd26b3
  Flipper-Glog: 70c50ce58ddaf67dc35180db05f191692570f446
  Flipper-PeerTalk: 116d8f857dc6ef55c7a5a75ea3ceaafe878aadc9
  Flipper-RSocket: d9d9ade67cbecf6ac10730304bf5607266dd2541
  FlipperKit: cbdee19bdd4e7f05472a66ce290f1b729ba3cb86
  fmt: ff9d55029c625d3757ed641535fd4a75fedc7ce9
  glog: 3d02b25ca00c2d456734d0bcff864cbc62f6ae1a
  GoogleDataTransport: 1c8145da7117bd68bbbed00cf304edb6a24de00f
  GoogleMLKit: 0017a6a8372e1a182139b9def4d89be5d87ca5a7
  GoogleToolboxForMac: 8bef7c7c5cf7291c687cf5354f39f9db6399ad34
  GoogleUtilities: e0913149f6b0625b553d70dae12b49fc62914fd1
  GoogleUtilitiesComponents: 679b2c881db3b615a2777504623df6122dd20afe
  GTMSessionFetcher: 5595ec75acf5be50814f81e9189490412bad82ba
  hermes-engine: 479687cd0904b24f1b2ae71d1196b44786af5601
  libevent: 4049cae6c81cdb3654a443be001fb9bdceff7913
  libwebp: 60305b2e989864154bd9be3d772730f08fc6a59c
  MLImage: 489dfec109f21da8621b28d476401aaf7a0d4ff4
  MLKitBarcodeScanning: d92fe1911001ec36870162c5a0eb206f612b7169
  MLKitCommon: f6da6c5659618c070b50a80db01248ebe2964175
  MLKitVision: 96c96571190b7f63eddf4a12068ce8a8689e0d2c
  MMKV: 9c4663aa7ca255d478ff10f2f5cb7d17c1651ccd
  MMKVCore: 89f5c8a66bba2dcd551779dea4d412eeec8ff5bb
  nanopb: b552cce312b6c8484180ef47159bc0f65a1f0431
  OpenSSL-Universal: ebc357f1e6bc71fa463ccb2fe676756aff50e88c
  PromisesObjC: ab77feca74fa2823e7af4249b8326368e61014cb
  Protobuf: 7504b04fffcf6662ad629694db8231f5e744327f
  RCT-Folly: b9d9fe1fc70114b751c076104e52f3b1b5e5a95a
  RCTRequired: 85c60c4bde8241278be2c93420de4c65475a2151
  RCTTypeSafety: 15990f289215eb0fc65c5eb6e2610faeeda8d5e1
  React: 6cfa9367042a85f6235740420df017d51efc6494
  React-bridging: bf49ea3fa02446c647748d33cc9cbc0f5509bba7
  React-callinvoker: 6b98a94d1f5063afe211379d061b01f40707394a
  React-Codegen: b4bfd5b31717ab2e275e6e9cc8aa26701485b540
  React-Core: ad82eacbe769f918b0d199df3cb7c780cd3f46ff
  React-CoreModules: 72b07fed89ab0e7f2600f9275ec9642130aa920c
  React-cxxreact: 2bba16be9eb4116bee86e3dfd85aeb67b2795eca
  React-Fabric: 137a26d806ba7ab59841b25ed7e64fc99f39c44a
  React-graphics: c2946a4563c676efea51113614f2648c1a675df5
  React-hermes: 1bf0fdad2d569e81c3da59dc23eef5630b5f1950
  React-jsi: 013de11039e08ae5d67868a72f1012794d34e72f
  React-jsiexecutor: e42f0b46de293a026c2fb20e524d4fe09f81f575
  React-jsinspector: e385fb7a1440ae3f3b2cd1a139ca5aadaab43c10
  React-logger: 15c734997c06fe9c9b88e528fb7757601e7a56df
  react-native-aes-cipher: 87362294a7e70f99e19576137818121aeab74962
  react-native-background-actions: 2c251c986f23347f9c1722f05fd296938f60edb1
  react-native-flipper: 7eeb9b59b667dd0619372c7349cf7c78032d1de2
  react-native-mmkv: 1265a348a4711097ba29c8bcefd5971f48220f2b
  react-native-pager-view: da490aa1f902c9a5aeecf0909cc975ad0e92e53e
  react-native-quick-crypto: e7ac378e827bfab02db29092ff204f13adc60c7c
  react-native-randombytes: 421f1c7d48c0af8dbcd471b0324393ebf8fe7846
  react-native-safe-area-context: 9e40fb181dac02619414ba1294d6c2a807056ab9
  react-native-splash-screen: 4312f786b13a81b5169ef346d76d33bc0c6dc457
  React-perflogger: 367418425c5e4a9f0f80385ee1eaacd2a7348f8e
  React-RCTActionSheet: e4885e7136f98ded1137cd3daccc05eaed97d5a6
  React-RCTAnimation: 7c5a74f301c9b763343ba98a3dd776ed2676993f
  React-RCTBlob: 5c294e0415b290b1b3b72ec454c43e3afcfab444
  React-RCTFabric: e2b68ab5c6bd1e54ddb379f012f595bde2ea69f4
  React-RCTImage: e82034ab64dfbadd3e0b42d830a810702f59f758
  React-RCTLinking: f007e2b4094e1fd364f3bde8bbd94113d4e1e70f
  React-RCTNetwork: 72eaf2f4cbcb5105b2ef4ac6a987b51047d8835f
  React-RCTSettings: 61949292107ca7b6cf9601679e952b1b5a3546a7
  React-RCTText: 307181243987b73aaefc22afd0b57b10ef970429
  React-RCTVibration: 42b34fde72e42446d9b08d2b9a3ddc2fa9ac6189
  React-rncore: 9639ea9abc0cdf162d95ec8e3e430ac96e09127f
  React-runtimeexecutor: c778439c3c430a5719d027d3c67423b390a221fe
  ReactCommon: ab1003b81be740fecd82509c370a45b1a7dda0c1
  RNCClipboard: 2834e1c4af68697089cdd455ee4a4cdd198fa7dd
  RNCPushNotificationIOS: 87b8d16d3ede4532745e05b03c42cff33a36cc45
  RNDeviceInfo: aad3c663b25752a52bf8fce93f2354001dd185aa
  RNFastImage: 3207b9eb17c2425d574ca40db35185db6e324f4e
  RNFS: 4ac0f0ea233904cb798630b3c077808c06931688
  RNGestureHandler: d05b31657710f5f57108e1a51ff6ed72f7a4673c
  RNOS: 6f2f9a70895bbbfbdad7196abd952e7b01d45027
  RNReanimated: 7faa787e8d4493fbc95fab2ad331fa7625828cfa
  RNScreens: e2cd04caa74748a6e42609a7b84f76c71d70a6ee
  RNShare: be91a5c149585affb02c25b351bd07ba927c7006
  RNSVG: ecd661f380a07ba690c9c5929c475a44f432d674
  SDWebImage: a7f831e1a65eb5e285e3fb046a23fcfbf08e696d
  SDWebImageWebPCoder: 908b83b6adda48effe7667cd2b7f78c897e5111d
  SocketRocket: fccef3f9c5cedea1353a9ef6ada904fde10d6608
  vision-camera-code-scanner: dda884a7f3ec8243a2a6d6489b91860648371bca
  VisionCamera: cc788935bcfd2f7031d3295adedbc9786835f402
  Yoga: c2b1f2494060865ac1f27e49639e72371b1205fa
  YogaKit: f782866e155069a2cca2517aafea43200b01fd5a

PODFILE CHECKSUM: 81f0386a8eeb47fd025fca3673a621b0bd0e9164

COCOAPODS: 1.11.3
